
Microsoft Visual Studio Solution File, Format Version 12.00
# Visual Studio Version 17
VisualStudioVersion = 17.2.32526.322
MinimumVisualStudioVersion = 10.0.40219.1
Project("{FAE04EC0-301F-11D3-BF4B-00C04F79EFBC}") = "WpfNoSqlJasenRekisteriApp", "WpfNoSqlJasenRekisteriApp.csproj", "{34B9887A-B050-4757-B7E4-8A73F6F0BA75}"
EndProject
Global
	GlobalSection(SolutionConfigurationPlatforms) = preSolution
		Debug|Any CPU = Debug|Any CPU
		Release|Any CPU = Release|Any CPU
	EndGlobalSection
	GlobalSection(ProjectConfigurationPlatforms) = postSolution
		{34B9887A-B050-4757-B7E4-8A73F6F0BA75}.Debug|Any CPU.ActiveCfg = Debug|Any CPU
		{34B9887A-B050-4757-B7E4-8A73F6F0BA75}.Debug|Any CPU.Build.0 = Debug|Any CPU
		{34B9887A-B050-4757-B7E4-8A73F6F0BA75}.Release|Any CPU.ActiveCfg = Release|Any CPU
		{34B9887A-B050-4757-B7E4-8A73F6F0BA75}.Release|Any CPU.Build.0 = Release|Any CPU
	EndGlobalSection
	GlobalSection(SolutionProperties) = preSolution
		HideSolutionNode = FALSE
	EndGlobalSection
	GlobalSection(ExtensibilityGlobals) = postSolution
		SolutionGuid = {636B0D19-D7BD-4C37-8DA0-9F92ABF2F69B}
	EndGlobalSection
EndGlobal
